
Microsoft Visual Studio Solution File, Format Version 12.00
# Visual Studio Version 17
VisualStudioVersion = 17.1.32328.378
MinimumVisualStudioVersion = 10.0.40219.1
Project("{FAE04EC0-301F-11D3-BF4B-00C04F79EFBC}") = "Koleksiyonlar-Soru-1", "Koleksiyonlar-Soru-1\Koleksiyonlar-Soru-1.csproj", "{5155C6C5-147F-40F4-A3F0-BDAEB4158C87}"
EndProject
Global
	GlobalSection(SolutionConfigurationPlatforms) = preSolution
		Debug|Any CPU = Debug|Any CPU
		Release|Any CPU = Release|Any CPU
	EndGlobalSection
	GlobalSection(ProjectConfigurationPlatforms) = postSolution
		{5155C6C5-147F-40F4-A3F0-BDAEB4158C87}.Debug|Any CPU.ActiveCfg = Debug|Any CPU
		{5155C6C5-147F-40F4-A3F0-BDAEB4158C87}.Debug|Any CPU.Build.0 = Debug|Any CPU
		{5155C6C5-147F-40F4-A3F0-BDAEB4158C87}.Release|Any CPU.ActiveCfg = Release|Any CPU
		{5155C6C5-147F-40F4-A3F0-BDAEB4158C87}.Release|Any CPU.Build.0 = Release|Any CPU
	EndGlobalSection
	GlobalSection(SolutionProperties) = preSolution
		HideSolutionNode = FALSE
	EndGlobalSection
	GlobalSection(ExtensibilityGlobals) = postSolution
		SolutionGuid = {048BC60E-0836-4575-8848-21B19660F2F7}
	EndGlobalSection
EndGlobal
